
Microsoft Visual Studio Solution File, Format Version 12.00
# Visual Studio Version 16
VisualStudioVersion = 16.0.28803.452
MinimumVisualStudioVersion = 10.0.40219.1
Project("{FAE04EC0-301F-11D3-BF4B-00C04F79EFBC}") = "TeacherHelper", "TeacherWatcher\TeacherHelper.csproj", "{8F6BE426-088D-4A62-B22E-5ADBE2A7F1E6}"
EndProject
Global
	GlobalSection(SolutionConfigurationPlatforms) = preSolution
		Debug|Any CPU = Debug|Any CPU
		Release|Any CPU = Release|Any CPU
	EndGlobalSection
	GlobalSection(ProjectConfigurationPlatforms) = postSolution
		{8F6BE426-088D-4A62-B22E-5ADBE2A7F1E6}.Debug|Any CPU.ActiveCfg = Debug|Any CPU
		{8F6BE426-088D-4A62-B22E-5ADBE2A7F1E6}.Debug|Any CPU.Build.0 = Debug|Any CPU
		{8F6BE426-088D-4A62-B22E-5ADBE2A7F1E6}.Release|Any CPU.ActiveCfg = Release|Any CPU
		{8F6BE426-088D-4A62-B22E-5ADBE2A7F1E6}.Release|Any CPU.Build.0 = Release|Any CPU
	EndGlobalSection
	GlobalSection(SolutionProperties) = preSolution
		HideSolutionNode = FALSE
	EndGlobalSection
	GlobalSection(ExtensibilityGlobals) = postSolution
		SolutionGuid = {5F07B5A5-1992-49A0-A26A-89F30C24B3CA}
	EndGlobalSection
EndGlobal
